{
  "requires": true,
  "lockfileVersion": 1,
  "dependencies": {
    "numeral": {
      "version": "2.0.6",
      "resolved": "https://registry.npmjs.org/numeral/-/numeral-2.0.6.tgz",
      "integrity": "sha1-StCAk21EPCVhrtnyGX7//iX05QY="
    },
    "vue-numeral-filter": {
      "version": "1.1.1",
      "resolved": "https://registry.npmjs.org/vue-numeral-filter/-/vue-numeral-filter-1.1.1.tgz",
      "integrity": "sha512-QRrvadev2W0PRWHJbLsnOGq4eK0CQmfdyIFy+A4J8dxPNYe1W1W/AqNLFH7paV0lh0pvVPVczgXuOvA/X12T1A==",
      "requires": {
        "numeral": "^2.0.6"
      }
    }
  }
}
